%{"bunt": {:hex, :bunt, "0.2.0", "951c6e801e8b1d2cbe58ebbd3e616a869061ddadcc4863d0a2182541acae9a38", [:mix], []},
  "certifi": {:hex, :certifi, "1.0.0", "1c787a85b1855ba354f0b8920392c19aa1d06b0ee1362f9141279620a5be2039", [:rebar3], []},
  "connection": {:hex, :connection, "1.0.4", "a1cae72211f0eef17705aaededacac3eb30e6625b04a6117c1b2db6ace7d5976", [:mix], []},
  "cowboy": {:hex, :cowboy, "1.1.2", "61ac29ea970389a88eca5a65601460162d370a70018afe6f949a29dca91f3bb0", [:rebar3], [{:cowlib, "~> 1.0.2", [hex: :cowlib, optional: false]}, {:ranch, "~> 1.3.2", [hex: :ranch, optional: false]}]},
  "cowlib": {:hex, :cowlib, "1.0.2", "9d769a1d062c9c3ac753096f868ca121e2730b9a377de23dec0f7e08b1df84ee", [:make], []},
  "credo": {:hex, :credo, "0.6.1", "a941e2591bd2bd2055dc92b810c174650b40b8290459c89a835af9d59ac4a5f8", [:mix], [{:bunt, "~> 0.2.0", [hex: :bunt, optional: false]}]},
  "db_connection": {:hex, :db_connection, "1.1.1", "f9d246e8f65b9490945cf7360875eee18fcec9a0115207603215eb1fd94c39ef", [:mix], [{:connection, "~> 1.0.2", [hex: :connection, optional: false]}, {:poolboy, "~> 1.5", [hex: :poolboy, optional: true]}, {:sbroker, "~> 1.0", [hex: :sbroker, optional: true]}]},
  "decimal": {:hex, :decimal, "1.3.1", "157b3cedb2bfcb5359372a7766dd7a41091ad34578296e951f58a946fcab49c6", [:mix], []},
  "ecto": {:hex, :ecto, "2.1.3", "ffb24e150b519a4c0e4c84f9eabc8587199389bc499195d5d1a93cd3b2d9a045", [:mix], [{:db_connection, "~> 1.1", [hex: :db_connection, optional: true]}, {:decimal, "~> 1.2", [hex: :decimal, optional: false]}, {:mariaex, "~> 0.8.0", [hex: :mariaex, optional: true]}, {:poison, "~> 2.2 or ~> 3.0", [hex: :poison, optional: true]}, {:poolboy, "~> 1.5", [hex: :poolboy, optional: false]}, {:postgrex, "~> 0.13.0", [hex: :postgrex, optional: true]}, {:sbroker, "~> 1.0", [hex: :sbroker, optional: true]}]},
  "excoveralls": {:hex, :excoveralls, "0.6.2", "0e993d096f1fbb6e70a3daced5c89aac066bda6bce57829622aa2d1e2b338cfb", [:mix], [{:exjsx, "~> 3.0", [hex: :exjsx, optional: false]}, {:hackney, ">= 0.12.0", [hex: :hackney, optional: false]}]},
  "exjsx": {:hex, :exjsx, "3.2.1", "1bc5bf1e4fd249104178f0885030bcd75a4526f4d2a1e976f4b428d347614f0f", [:mix], [{:jsx, "~> 2.8.0", [hex: :jsx, optional: false]}]},
  "fs": {:hex, :fs, "2.12.0", "ad631efacc9a5683c8eaa1b274e24fa64a1b8eb30747e9595b93bec7e492e25e", [:rebar3], []},
  "gettext": {:hex, :gettext, "0.13.1", "5e0daf4e7636d771c4c71ad5f3f53ba09a9ae5c250e1ab9c42ba9edccc476263", [:mix], []},
  "hackney": {:hex, :hackney, "1.7.1", "e238c52c5df3c3b16ce613d3a51c7220a784d734879b1e231c9babd433ac1cb4", [:rebar3], [{:certifi, "1.0.0", [hex: :certifi, optional: false]}, {:idna, "4.0.0", [hex: :idna, optional: false]}, {:metrics, "1.0.1", [hex: :metrics, optional: false]}, {:mimerl, "1.0.2", [hex: :mimerl, optional: false]}, {:ssl_verify_fun, "1.1.1", [hex: :ssl_verify_fun, optional: false]}]},
  "idna": {:hex, :idna, "4.0.0", "10aaa9f79d0b12cf0def53038547855b91144f1bfcc0ec73494f38bb7b9c4961", [:rebar3], []},
  "jsx": {:hex, :jsx, "2.8.2", "7acc7d785b5abe8a6e9adbde926a24e481f29956dd8b4df49e3e4e7bcc92a018", [:mix, :rebar3], []},
  "metrics": {:hex, :metrics, "1.0.1", "25f094dea2cda98213cecc3aeff09e940299d950904393b2a29d191c346a8486", [:rebar3], []},
  "mime": {:hex, :mime, "1.1.0", "01c1d6f4083d8aa5c7b8c246ade95139620ef8effb009edde934e0ec3b28090a", [:mix], []},
  "mimerl": {:hex, :mimerl, "1.0.2", "993f9b0e084083405ed8252b99460c4f0563e41729ab42d9074fd5e52439be88", [:rebar3], []},
  "mix_test_watch": {:hex, :mix_test_watch, "0.3.3", "70859889a8d1d43d1b75d69d87258a301f43209a17787cdb2bd9cab42adf271d", [:mix], [{:fs, "~> 2.12", [hex: :fs, optional: false]}]},
  "phoenix": {:hex, :phoenix, "1.2.1", "6dc592249ab73c67575769765b66ad164ad25d83defa3492dc6ae269bd2a68ab", [:mix], [{:cowboy, "~> 1.0", [hex: :cowboy, optional: true]}, {:phoenix_pubsub, "~> 1.0", [hex: :phoenix_pubsub, optional: false]}, {:plug, "~> 1.1", [hex: :plug, optional: false]}, {:poison, "~> 1.5 or ~> 2.0", [hex: :poison, optional: false]}]},
  "phoenix_ecto": {:hex, :phoenix_ecto, "3.2.2", "2e51c57614528b130d54019e78349f83a5b5d53b3b2ef775dbc30df7e1fecb45", [:mix], [{:ecto, "~> 2.1", [hex: :ecto, optional: false]}, {:phoenix_html, "~> 2.9", [hex: :phoenix_html, optional: false]}, {:plug, "~> 1.0", [hex: :plug, optional: false]}]},
  "phoenix_html": {:hex, :phoenix_html, "2.9.3", "1b5a2122cbf743aa242f54dced8a4f1cc778b8bd304f4b4c0043a6250c58e258", [:mix], [{:plug, "~> 1.0", [hex: :plug, optional: false]}]},
  "phoenix_live_reload": {:hex, :phoenix_live_reload, "1.0.7", "167ab0942e88d1d4a597996cf7dd8d2b014cc14d3f9472b58858cde8dd9ac2e4", [:mix], [{:fs, "~> 2.12.0", [hex: :fs, optional: false]}, {:phoenix, "~> 1.0 or ~> 1.2-rc", [hex: :phoenix, optional: false]}]},
  "phoenix_pubsub": {:hex, :phoenix_pubsub, "1.0.1", "c10ddf6237007c804bf2b8f3c4d5b99009b42eca3a0dfac04ea2d8001186056a", [:mix], []},
  "plug": {:hex, :plug, "1.3.2", "8391d8ba2e2c187de069211110a882599e851f64550c556163b5130e1e2dbc1b", [:mix], [{:cowboy, "~> 1.0.1 or ~> 1.1", [hex: :cowboy, optional: true]}, {:mime, "~> 1.0", [hex: :mime, optional: false]}]},
  "poison": {:hex, :poison, "2.2.0", "4763b69a8a77bd77d26f477d196428b741261a761257ff1cf92753a0d4d24a63", [:mix], []},
  "poolboy": {:hex, :poolboy, "1.5.1", "6b46163901cfd0a1b43d692657ed9d7e599853b3b21b95ae5ae0a777cf9b6ca8", [:rebar], []},
  "postgrex": {:hex, :postgrex, "0.13.1", "ebf17b7348922af9db8b4d70f946328ab9ef5123526bf05567d9306393fce104", [:mix], [{:connection, "~> 1.0", [hex: :connection, optional: false]}, {:db_connection, "~> 1.1", [hex: :db_connection, optional: false]}, {:decimal, "~> 1.0", [hex: :decimal, optional: false]}]},
  "ranch": {:hex, :ranch, "1.3.2", "e4965a144dc9fbe70e5c077c65e73c57165416a901bd02ea899cfd95aa890986", [:rebar3], []},
  "ssl_verify_fun": {:hex, :ssl_verify_fun, "1.1.1", "28a4d65b7f59893bc2c7de786dec1e1555bd742d336043fe644ae956c3497fbe", [:make, :rebar], []}}
